
Microsoft Visual Studio Solution File, Format Version 12.00
# Visual Studio Version 16
VisualStudioVersion = 16.0.31911.196
MinimumVisualStudioVersion = 10.0.40219.1
Project("{FAE04EC0-301F-11D3-BF4B-00C04F79EFBC}") = "WinterShop", "WinterShop\WinterShop.csproj", "{C6576953-7809-479E-A334-A7BD24E0955C}"
EndProject
Global
	GlobalSection(SolutionConfigurationPlatforms) = preSolution
		Debug|Any CPU = Debug|Any CPU
		Release|Any CPU = Release|Any CPU
	EndGlobalSection
	GlobalSection(ProjectConfigurationPlatforms) = postSolution
		{C6576953-7809-479E-A334-A7BD24E0955C}.Debug|Any CPU.ActiveCfg = Debug|Any CPU
		{C6576953-7809-479E-A334-A7BD24E0955C}.Debug|Any CPU.Build.0 = Debug|Any CPU
		{C6576953-7809-479E-A334-A7BD24E0955C}.Release|Any CPU.ActiveCfg = Release|Any CPU
		{C6576953-7809-479E-A334-A7BD24E0955C}.Release|Any CPU.Build.0 = Release|Any CPU
	EndGlobalSection
	GlobalSection(SolutionProperties) = preSolution
		HideSolutionNode = FALSE
	EndGlobalSection
	GlobalSection(ExtensibilityGlobals) = postSolution
		SolutionGuid = {27CDB220-C605-40A4-8842-138A085F16DB}
	EndGlobalSection
EndGlobal
